
Microsoft Visual Studio Solution File, Format Version 12.00
# Visual Studio Version 16
VisualStudioVersion = 16.0.31410.357
MinimumVisualStudioVersion = 10.0.40219.1
Project("{FAE04EC0-301F-11D3-BF4B-00C04F79EFBC}") = "Calculadora", "Calculadora\Calculadora.csproj", "{F80F45E7-DEF7-48AC-94BF-222D765E0500}"
EndProject
Global
	GlobalSection(SolutionConfigurationPlatforms) = preSolution
		Debug|Any CPU = Debug|Any CPU
		Release|Any CPU = Release|Any CPU
	EndGlobalSection
	GlobalSection(ProjectConfigurationPlatforms) = postSolution
		{F80F45E7-DEF7-48AC-94BF-222D765E0500}.Debug|Any CPU.ActiveCfg = Debug|Any CPU
		{F80F45E7-DEF7-48AC-94BF-222D765E0500}.Debug|Any CPU.Build.0 = Debug|Any CPU
		{F80F45E7-DEF7-48AC-94BF-222D765E0500}.Release|Any CPU.ActiveCfg = Release|Any CPU
		{F80F45E7-DEF7-48AC-94BF-222D765E0500}.Release|Any CPU.Build.0 = Release|Any CPU
	EndGlobalSection
	GlobalSection(SolutionProperties) = preSolution
		HideSolutionNode = FALSE
	EndGlobalSection
	GlobalSection(ExtensibilityGlobals) = postSolution
		SolutionGuid = {6CEA942A-2CA3-4270-8AE3-FAF0B4AABA58}
	EndGlobalSection
EndGlobal
